// !$*UTF8*$!
{
	archiveVersion = 1;
	classes = {
	};
	objectVersion = 46;
	objects = {

/* Begin PBXBuildFile section */
		DC085C151F8CCE86002658DD /* AppDelegate.swift in Sources */ = {isa = PBXBuildFile; fileRef = DC085C141F8CCE86002658DD /* AppDelegate.swift */; };
		DC085C171F8CCE86002658DD /* ViewController.swift in Sources */ = {isa = PBXBuildFile; fileRef = DC085C161F8CCE86002658DD /* ViewController.swift */; };
		DC085C1A1F8CCE86002658DD /* Main.storyboard in Resources */ = {isa = PBXBuildFile; fileRef = DC085C181F8CCE86002658DD /* Main.storyboard */; };
		DC085C1C1F8CCE86002658DD /* Assets.xcassets in Resources */ = {isa = PBXBuildFile; fileRef = DC085C1B1F8CCE86002658DD /* Assets.xcassets */; };
		DC085C1F1F8CCE86002658DD /* LaunchScreen.storyboard in Resources */ = {isa = PBXBuildFile; fileRef = DC085C1D1F8CCE86002658DD /* LaunchScreen.storyboard */; };
		DC085C2A1F8CCE86002658DD /* StopwatchiOSTests.swift in Sources */ = {isa = PBXBuildFile; fileRef = DC085C291F8CCE86002658DD /* StopwatchiOSTests.swift */; };
		DC085C351F8CCE86002658DD /* StopwatchiOSUITests.swift in Sources */ = {isa = PBXBuildFile; fileRef = DC085C341F8CCE86002658DD /* StopwatchiOSUITests.swift */; };
/* End PBXBuildFile section */

/* Begin PBXContainerItemProxy section */
		DC085C261F8CCE86002658DD /* PBXContainerItemProxy */ = {
			isa = PBXContainerItemProxy;
			containerPortal = DC085C091F8CCE86002658DD /* Project object */;
			proxyType = 1;
			remoteGlobalIDString = DC085C101F8CCE86002658DD;
			remoteInfo = StopwatchiOS;
		};
		DC085C311F8CCE86002658DD /* PBXContainerItemProxy */ = {
			isa = PBXContainerItemProxy;
			containerPortal = DC085C091F8CCE86002658DD /* Project object */;
			proxyType = 1;
			remoteGlobalIDString = DC085C101F8CCE86002658DD;
			remoteInfo = StopwatchiOS;
		};
/* End PBXContainerItemProxy section */

/* Begin PBXFileReference section */
		DC085C111F8CCE86002658DD /* StopwatchiOS.app */ = {isa = PBXFileReference; explicitFileType = wrapper.application; includeInIndex = 0; path = StopwatchiOS.app; sourceTree = BUILT_PRODUCTS_DIR; };
		DC085C141F8CCE86002658DD /* AppDelegate.swift */ = {isa = PBXFileReference; lastKnownFileType = sourcecode.swift; path = AppDelegate.swift; sourceTree = "<group>"; };
		DC085C161F8CCE86002658DD /* ViewController.swift */ = {isa = PBXFileReference; lastKnownFileType = sourcecode.swift; path = ViewController.swift; sourceTree = "<group>"; };
		DC085C191F8CCE86002658DD /* Base */ = {isa = PBXFileReference; lastKnownFileType = file.storyboard; name = Base; path = Base.lproj/Main.storyboard; sourceTree = "<group>"; };
		DC085C1B1F8CCE86002658DD /* Assets.xcassets */ = {isa = PBXFileReference; lastKnownFileType = folder.assetcatalog; path = Assets.xcassets; sourceTree = "<group>"; };
		DC085C1E1F8CCE86002658DD /* Base */ = {isa = PBXFileReference; lastKnownFileType = file.storyboard; name = Base; path = Base.lproj/LaunchScreen.storyboard; sourceTree = "<group>"; };
		DC085C201F8CCE86002658DD /* Info.plist */ = {isa = PBXFileReference; lastKnownFileType = text.plist.xml; path = Info.plist; sourceTree = "<group>"; };
		DC085C251F8CCE86002658DD /* StopwatchiOSTests.xctest */ = {isa = PBXFileReference; explicitFileType = wrapper.cfbundle; includeInIndex = 0; path = StopwatchiOSTests.xctest; sourceTree = BUILT_PRODUCTS_DIR; };
		DC085C291F8CCE86002658DD /* StopwatchiOSTests.swift */ = {isa = PBXFileReference; lastKnownFileType = sourcecode.swift; path = StopwatchiOSTests.swift; sourceTree = "<group>"; };
		DC085C2B1F8CCE86002658DD /* Info.plist */ = {isa = PBXFileReference; lastKnownFileType = text.plist.xml; path = Info.plist; sourceTree = "<group>"; };
		DC085C301F8CCE86002658DD /* StopwatchiOSUITests.xctest */ = {isa = PBXFileReference; explicitFileType = wrapper.cfbundle; includeInIndex = 0; path = StopwatchiOSUITests.xctest; sourceTree = BUILT_PRODUCTS_DIR; };
		DC085C341F8CCE86002658DD /* StopwatchiOSUITests.swift */ = {isa = PBXFileReference; lastKnownFileType = sourcecode.swift; path = StopwatchiOSUITests.swift; sourceTree = "<group>"; };
		DC085C361F8CCE87002658DD /* Info.plist */ = {isa = PBXFileReference; lastKnownFileType = text.plist.xml; path = Info.plist; sourceTree = "<group>"; };
/* End PBXFileReference section */

/* Begin PBXFrameworksBuildPhase section */
		DC085C0E1F8CCE86002658DD /* Frameworks */ = {
			isa = PBXFrameworksBuildPhase;
			buildActionMask = 2147483647;
			files = (
			);
			runOnlyForDeploymentPostprocessing = 0;
		};
		DC085C221F8CCE86002658DD /* Frameworks */ = {
			isa = PBXFrameworksBuildPhase;
			buildActionMask = 2147483647;
			files = (
			);
			runOnlyForDeploymentPostprocessing = 0;
		};
		DC085C2D1F8CCE86002658DD /* Frameworks */ = {
			isa = PBXFrameworksBuildPhase;
			buildActionMask = 2147483647;
			files = (
			);
			runOnlyForDeploymentPostprocessing = 0;
		};
/* End PBXFrameworksBuildPhase section */

/* Begin PBXGroup section */
		DC085C081F8CCE86002658DD = {
			isa = PBXGroup;
			children = (
				DC085C131F8CCE86002658DD /* StopwatchiOS */,
				DC085C281F8CCE86002658DD /* StopwatchiOSTests */,
				DC085C331F8CCE86002658DD /* StopwatchiOSUITests */,
				DC085C121F8CCE86002658DD /* Products */,
			);
			sourceTree = "<group>";
		};
		DC085C121F8CCE86002658DD /* Products */ = {
			isa = PBXGroup;
			children = (
				DC085C111F8CCE86002658DD /* StopwatchiOS.app */,
				DC085C251F8CCE86002658DD /* StopwatchiOSTests.xctest */,
				DC085C301F8CCE86002658DD /* StopwatchiOSUITests.xctest */,
			);
			name = Products;
			sourceTree = "<group>";
		};
		DC085C131F8CCE86002658DD /* StopwatchiOS */ = {
			isa = PBXGroup;
			children = (
				DC085C141F8CCE86002658DD /* AppDelegate.swift */,
				DC085C161F8CCE86002658DD /* ViewController.swift */,
				DC085C181F8CCE86002658DD /* Main.storyboard */,
				DC085C1B1F8CCE86002658DD /* Assets.xcassets */,
				DC085C1D1F8CCE86002658DD /* LaunchScreen.storyboard */,
				DC085C201F8CCE86002658DD /* Info.plist */,
			);
			path = StopwatchiOS;
			sourceTree = "<group>";
		};
		DC085C281F8CCE86002658DD /* StopwatchiOSTests */ = {
			isa = PBXGroup;
			children = (
				DC085C291F8CCE86002658DD /* StopwatchiOSTests.swift */,
				DC085C2B1F8CCE86002658DD /* Info.plist */,
			);
			path = StopwatchiOSTests;
			sourceTree = "<group>";
		};
		DC085C331F8CCE86002658DD /* StopwatchiOSUITests */ = {
			isa = PBXGroup;
			children = (
				DC085C341F8CCE86002658DD /* StopwatchiOSUITests.swift */,
				DC085C361F8CCE87002658DD /* Info.plist */,
			);
			path = StopwatchiOSUITests;
			sourceTree = "<group>";
		};
/* End PBXGroup section */

/* Begin PBXNativeTarget section */
		DC085C101F8CCE86002658DD /* StopwatchiOS */ = {
			isa = PBXNativeTarget;
			buildConfigurationList = DC085C391F8CCE87002658DD /* Build configuration list for PBXNativeTarget "StopwatchiOS" */;
			buildPhases = (
				DC085C0D1F8CCE86002658DD /* Sources */,
				DC085C0E1F8CCE86002658DD /* Frameworks */,
				DC085C0F1F8CCE86002658DD /* Resources */,
			);
			buildRules = (
			);
			dependencies = (
			);
			name = StopwatchiOS;
			productName = StopwatchiOS;
			productReference = DC085C111F8CCE86002658DD /* StopwatchiOS.app */;
			productType = "com.apple.product-type.application";
		};
		DC085C241F8CCE86002658DD /* StopwatchiOSTests */ = {
			isa = PBXNativeTarget;
			buildConfigurationList = DC085C3C1F8CCE87002658DD /* Build configuration list for PBXNativeTarget "StopwatchiOSTests" */;
			buildPhases = (
				DC085C211F8CCE86002658DD /* Sources */,
				DC085C221F8CCE86002658DD /* Frameworks */,
				DC085C231F8CCE86002658DD /* Resources */,
			);
			buildRules = (
			);
			dependencies = (
				DC085C271F8CCE86002658DD /* PBXTargetDependency */,
			);
			name = StopwatchiOSTests;
			productName = StopwatchiOSTests;
			productReference = DC085C251F8CCE86002658DD /* StopwatchiOSTests.xctest */;
			productType = "com.apple.product-type.bundle.unit-test";
		};
		DC085C2F1F8CCE86002658DD /* StopwatchiOSUITests */ = {
			isa = PBXNativeTarget;
			buildConfigurationList = DC085C3F1F8CCE87002658DD /* Build configuration list for PBXNativeTarget "StopwatchiOSUITests" */;
			buildPhases = (
				DC085C2C1F8CCE86002658DD /* Sources */,
				DC085C2D1F8CCE86002658DD /* Frameworks */,
				DC085C2E1F8CCE86002658DD /* Resources */,
			);
			buildRules = (
			);
			dependencies = (
				DC085C321F8CCE86002658DD /* PBXTargetDependency */,
			);
			name = StopwatchiOSUITests;
			productName = StopwatchiOSUITests;
			productReference = DC085C301F8CCE86002658DD /* StopwatchiOSUITests.xctest */;
			productType = "com.apple.product-type.bundle.ui-testing";
		};
/* End PBXNativeTarget section */

/* Begin PBXProject section */
		DC085C091F8CCE86002658DD /* Project object */ = {
			isa = PBXProject;
			attributes = {
				LastSwiftUpdateCheck = 0830;
				LastUpgradeCheck = 0830;
				ORGANIZATIONNAME = Arjuna;
				TargetAttributes = {
					DC085C101F8CCE86002658DD = {
						CreatedOnToolsVersion = 8.3.3;
						ProvisioningStyle = Automatic;
					};
					DC085C241F8CCE86002658DD = {
						CreatedOnToolsVersion = 8.3.3;
						ProvisioningStyle = Automatic;
						TestTargetID = DC085C101F8CCE86002658DD;
					};
					DC085C2F1F8CCE86002658DD = {
						CreatedOnToolsVersion = 8.3.3;
						ProvisioningStyle = Automatic;
						TestTargetID = DC085C101F8CCE86002658DD;
					};
				};
			};
			buildConfigurationList = DC085C0C1F8CCE86002658DD /* Build configuration list for PBXProject "StopwatchiOS" */;
			compatibilityVersion = "Xcode 3.2";
			developmentRegion = English;
			hasScannedForEncodings = 0;
			knownRegions = (
				en,
				Base,
			);
			mainGroup = DC085C081F8CCE86002658DD;
			productRefGroup = DC085C121F8CCE86002658DD /* Products */;
			projectDirPath = "";
			projectRoot = "";
			targets = (
				DC085C101F8CCE86002658DD /* StopwatchiOS */,
				DC085C241F8CCE86002658DD /* StopwatchiOSTests */,
				DC085C2F1F8CCE86002658DD /* StopwatchiOSUITests */,
			);
		};
/* End PBXProject section */

/* Begin PBXResourcesBuildPhase section */
		DC085C0F1F8CCE86002658DD /* Resources */ = {
			isa = PBXResourcesBuildPhase;
			buildActionMask = 2147483647;
			files = (
				DC085C1F1F8CCE86002658DD /* LaunchScreen.storyboard in Resources */,
				DC085C1C1F8CCE86002658DD /* Assets.xcassets in Resources */,
				DC085C1A1F8CCE86002658DD /* Main.storyboard in Resources */,
			);
			runOnlyForDeploymentPostprocessing = 0;
		};
		DC085C231F8CCE86002658DD /* Resources */ = {
			isa = PBXResourcesBuildPhase;
			buildActionMask = 2147483647;
			files = (
			);
			runOnlyForDeploymentPostprocessing = 0;
		};
		DC085C2E1F8CCE86002658DD /* Resources */ = {
			isa = PBXResourcesBuildPhase;
			buildActionMask = 2147483647;
			files = (
			);
			runOnlyForDeploymentPostprocessing = 0;
		};
/* End PBXResourcesBuildPhase section */

/* Begin PBXSourcesBuildPhase section */
		DC085C0D1F8CCE86002658DD /* Sources */ = {
			isa = PBXSourcesBuildPhase;
			buildActionMask = 2147483647;
			files = (
				DC085C171F8CCE86002658DD /* ViewController.swift in Sources */,
				DC085C151F8CCE86002658DD /* AppDelegate.swift in Sources */,
			);
			runOnlyForDeploymentPostprocessing = 0;
		};
		DC085C211F8CCE86002658DD /* Sources */ = {
			isa = PBXSourcesBuildPhase;
			buildActionMask = 2147483647;
			files = (
				DC085C2A1F8CCE86002658DD /* StopwatchiOSTests.swift in Sources */,
			);
			runOnlyForDeploymentPostprocessing = 0;
		};
		DC085C2C1F8CCE86002658DD /* Sources */ = {
			isa = PBXSourcesBuildPhase;
			buildActionMask = 2147483647;
			files = (
				DC085C351F8CCE86002658DD /* StopwatchiOSUITests.swift in Sources */,
			);
			runOnlyForDeploymentPostprocessing = 0;
		};
/* End PBXSourcesBuildPhase section */

/* Begin PBXTargetDependency section */
		DC085C271F8CCE86002658DD /* PBXTargetDependency */ = {
			isa = PBXTargetDependency;
			target = DC085C101F8CCE86002658DD /* StopwatchiOS */;
			targetProxy = DC085C261F8CCE86002658DD /* PBXContainerItemProxy */;
		};
		DC085C321F8CCE86002658DD /* PBXTargetDependency */ = {
			isa = PBXTargetDependency;
			target = DC085C101F8CCE86002658DD /* StopwatchiOS */;
			targetProxy = DC085C311F8CCE86002658DD /* PBXContainerItemProxy */;
		};
/* End PBXTargetDependency section */

/* Begin PBXVariantGroup section */
		DC085C181F8CCE86002658DD /* Main.storyboard */ = {
			isa = PBXVariantGroup;
			children = (
				DC085C191F8CCE86002658DD /* Base */,
			);
			name = Main.storyboard;
			sourceTree = "<group>";
		};
		DC085C1D1F8CCE86002658DD /* LaunchScreen.storyboard */ = {
			isa = PBXVariantGroup;
			children = (
				DC085C1E1F8CCE86002658DD /* Base */,
			);
			name = LaunchScreen.storyboard;
			sourceTree = "<group>";
		};
/* End PBXVariantGroup section */

/* Begin XCBuildConfiguration section */
		DC085C371F8CCE87002658DD /* Debug */ = {
			isa = XCBuildConfiguration;
			buildSettings = {
				ALWAYS_SEARCH_USER_PATHS = NO;
				CLANG_ANALYZER_NONNULL = YES;
				CLANG_ANALYZER_NUMBER_OBJECT_CONVERSION = YES_AGGRESSIVE;
				CLANG_CXX_LANGUAGE_STANDARD = "gnu++0x";
				CLANG_CXX_LIBRARY = "libc++";
				CLANG_ENABLE_MODULES = YES;
				CLANG_ENABLE_OBJC_ARC = YES;
				CLANG_WARN_BOOL_CONVERSION = YES;
				CLANG_WARN_CONSTANT_CONVERSION = YES;
				CLANG_WARN_DIRECT_OBJC_ISA_USAGE = YES_ERROR;
				CLANG_WARN_DOCUMENTATION_COMMENTS = YES;
				CLANG_WARN_EMPTY_BODY = YES;
				CLANG_WARN_ENUM_CONVERSION = YES;
				CLANG_WARN_INFINITE_RECURSION = YES;
				CLANG_WARN_INT_CONVERSION = YES;
				CLANG_WARN_OBJC_ROOT_CLASS = YES_ERROR;
				CLANG_WARN_SUSPICIOUS_MOVE = YES;
				CLANG_WARN_UNREACHABLE_CODE = YES;
				CLANG_WARN__DUPLICATE_METHOD_MATCH = YES;
				"CODE_SIGN_IDENTITY[sdk=iphoneos*]" = "iPhone Developer";
				COPY_PHASE_STRIP = NO;
				DEBUG_INFORMATION_FORMAT = dwarf;
				ENABLE_STRICT_OBJC_MSGSEND = YES;
				ENABLE_TESTABILITY = YES;
				GCC_C_LANGUAGE_STANDARD = gnu99;
				GCC_DYNAMIC_NO_PIC = NO;
				GCC_NO_COMMON_BLOCKS = YES;
				GCC_OPTIMIZATION_LEVEL = 0;
				GCC_PREPROCESSOR_DEFINITIONS = (
					"DEBUG=1",
					"$(inherited)",
				);
				GCC_WARN_64_TO_32_BIT_CONVERSION = YES;
				GCC_WARN_ABOUT_RETURN_TYPE = YES_ERROR;
				GCC_WARN_UNDECLARED_SELECTOR = YES;
				GCC_WARN_UNINITIALIZED_AUTOS = YES_AGGRESSIVE;
				GCC_WARN_UNUSED_FUNCTION = YES;
				GCC_WARN_UNUSED_VARIABLE = YES;
				IPHONEOS_DEPLOYMENT_TARGET = 10.3;
				MTL_ENABLE_DEBUG_INFO = YES;
				ONLY_ACTIVE_ARCH = YES;
				SDKROOT = iphoneos;
				SWIFT_ACTIVE_COMPILATION_CONDITIONS = DEBUG;
				SWIFT_OPTIMIZATION_LEVEL = "-Onone";
				TARGETED_DEVICE_FAMILY = "1,2";
			};
			name = Debug;
		};
		DC085C381F8CCE87002658DD /* Release */ = {
			isa = XCBuildConfiguration;
			buildSettings = {
				ALWAYS_SEARCH_USER_PATHS = NO;
				CLANG_ANALYZER_NONNULL = YES;
				CLANG_ANALYZER_NUMBER_OBJECT_CONVERSION = YES_AGGRESSIVE;
				CLANG_CXX_LANGUAGE_STANDARD = "gnu++0x";
				CLANG_CXX_LIBRARY = "libc++";
				CLANG_ENABLE_MODULES = YES;
				CLANG_ENABLE_OBJC_ARC = YES;
				CLANG_WARN_BOOL_CONVERSION = YES;
				CLANG_WARN_CONSTANT_CONVERSION = YES;
				CLANG_WARN_DIRECT_OBJC_ISA_USAGE = YES_ERROR;
				CLANG_WARN_DOCUMENTATION_COMMENTS = YES;
				CLANG_WARN_EMPTY_BODY = YES;
				CLANG_WARN_ENUM_CONVERSION = YES;
				CLANG_WARN_INFINITE_RECURSION = YES;
				CLANG_WARN_INT_CONVERSION = YES;
				CLANG_WARN_OBJC_ROOT_CLASS = YES_ERROR;
				CLANG_WARN_SUSPICIOUS_MOVE = YES;
				CLANG_WARN_UNREACHABLE_CODE = YES;
				CLANG_WARN__DUPLICATE_METHOD_MATCH = YES;
				"CODE_SIGN_IDENTITY[sdk=iphoneos*]" = "iPhone Developer";
				COPY_PHASE_STRIP = NO;
				DEBUG_INFORMATION_FORMAT = "dwarf-with-dsym";
				ENABLE_NS_ASSERTIONS = NO;
				ENABLE_STRICT_OBJC_MSGSEND = YES;
				GCC_C_LANGUAGE_STANDARD = gnu99;
				GCC_NO_COMMON_BLOCKS = YES;
				GCC_WARN_64_TO_32_BIT_CONVERSION = YES;
				GCC_WARN_ABOUT_RETURN_TYPE = YES_ERROR;
				GCC_WARN_UNDECLARED_SELECTOR = YES;
				GCC_WARN_UNINITIALIZED_AUTOS = YES_AGGRESSIVE;
				GCC_WARN_UNUSED_FUNCTION = YES;
				GCC_WARN_UNUSED_VARIABLE = YES;
				IPHONEOS_DEPLOYMENT_TARGET = 10.3;
				MTL_ENABLE_DEBUG_INFO = NO;
				SDKROOT = iphoneos;
				SWIFT_OPTIMIZATION_LEVEL = "-Owholemodule";
				TARGETED_DEVICE_FAMILY = "1,2";
				VALIDATE_PRODUCT = YES;
			};
			name = Release;
		};
		DC085C3A1F8CCE87002658DD /* Debug */ = {
			isa = XCBuildConfiguration;
			buildSettings = {
				ASSETCATALOG_COMPILER_APPICON_NAME = AppIcon;
				INFOPLIST_FILE = StopwatchiOS/Info.plist;
				LD_RUNPATH_SEARCH_PATHS = "$(inherited) @executable_path/Frameworks";
				PRODUCT_BUNDLE_IDENTIFIER = com.developermuslim.StopwatchiOS;
				PRODUCT_NAME = "$(TARGET_NAME)";
				SWIFT_VERSION = 3.0;
			};
			name = Debug;
		};
		DC085C3B1F8CCE87002658DD /* Release */ = {
			isa = XCBuildConfiguration;
			buildSettings = {
				ASSETCATALOG_COMPILER_APPICON_NAME = AppIcon;
				INFOPLIST_FILE = StopwatchiOS/Info.plist;
				LD_RUNPATH_SEARCH_PATHS = "$(inherited) @executable_path/Frameworks";
				PRODUCT_BUNDLE_IDENTIFIER = com.developermuslim.StopwatchiOS;
				PRODUCT_NAME = "$(TARGET_NAME)";
				SWIFT_VERSION = 3.0;
			};
			name = Release;
		};
		DC085C3D1F8CCE87002658DD /* Debug */ = {
			isa = XCBuildConfiguration;
			buildSettings = {
				ALWAYS_EMBED_SWIFT_STANDARD_LIBRARIES = YES;
				BUNDLE_LOADER = "$(TEST_HOST)";
				INFOPLIST_FILE = StopwatchiOSTests/Info.plist;
				LD_RUNPATH_SEARCH_PATHS = "$(inherited) @executable_path/Frameworks @loader_path/Frameworks";
				PRODUCT_BUNDLE_IDENTIFIER = com.developermuslim.StopwatchiOSTests;
				PRODUCT_NAME = "$(TARGET_NAME)";
				SWIFT_VERSION = 3.0;
				TEST_HOST = "$(BUILT_PRODUCTS_DIR)/StopwatchiOS.app/StopwatchiOS";
			};
			name = Debug;
		};
		DC085C3E1F8CCE87002658DD /* Release */ = {
			isa = XCBuildConfiguration;
			buildSettings = {
				ALWAYS_EMBED_SWIFT_STANDARD_LIBRARIES = YES;
				BUNDLE_LOADER = "$(TEST_HOST)";
				INFOPLIST_FILE = StopwatchiOSTests/Info.plist;
				LD_RUNPATH_SEARCH_PATHS = "$(inherited) @executable_path/Frameworks @loader_path/Frameworks";
				PRODUCT_BUNDLE_IDENTIFIER = com.developermuslim.StopwatchiOSTests;
				PRODUCT_NAME = "$(TARGET_NAME)";
				SWIFT_VERSION = 3.0;
				TEST_HOST = "$(BUILT_PRODUCTS_DIR)/StopwatchiOS.app/StopwatchiOS";
			};
			name = Release;
		};
		DC085C401F8CCE87002658DD /* Debug */ = {
			isa = XCBuildConfiguration;
			buildSettings = {
				ALWAYS_EMBED_SWIFT_STANDARD_LIBRARIES = YES;
				INFOPLIST_FILE = StopwatchiOSUITests/Info.plist;
				LD_RUNPATH_SEARCH_PATHS = "$(inherited) @executable_path/Frameworks @loader_path/Frameworks";
				PRODUCT_BUNDLE_IDENTIFIER = com.developermuslim.StopwatchiOSUITests;
				PRODUCT_NAME = "$(TARGET_NAME)";
				SWIFT_VERSION = 3.0;
				TEST_TARGET_NAME = StopwatchiOS;
			};
			name = Debug;
		};
		DC085C411F8CCE87002658DD /* Release */ = {
			isa = XCBuildConfiguration;
			buildSettings = {
				ALWAYS_EMBED_SWIFT_STANDARD_LIBRARIES = YES;
				INFOPLIST_FILE = StopwatchiOSUITests/Info.plist;
				LD_RUNPATH_SEARCH_PATHS = "$(inherited) @executable_path/Frameworks @loader_path/Frameworks";
				PRODUCT_BUNDLE_IDENTIFIER = com.developermuslim.StopwatchiOSUITests;
				PRODUCT_NAME = "$(TARGET_NAME)";
				SWIFT_VERSION = 3.0;
				TEST_TARGET_NAME = StopwatchiOS;
			};
			name = Release;
		};
/* End XCBuildConfiguration section */

/* Begin XCConfigurationList section */
		DC085C0C1F8CCE86002658DD /* Build configuration list for PBXProject "StopwatchiOS" */ = {
			isa = XCConfigurationList;
			buildConfigurations = (
				DC085C371F8CCE87002658DD /* Debug */,
				DC085C381F8CCE87002658DD /* Release */,
			);
			defaultConfigurationIsVisible = 0;
			defaultConfigurationName = Release;
		};
		DC085C391F8CCE87002658DD /* Build configuration list for PBXNativeTarget "StopwatchiOS" */ = {
			isa = XCConfigurationList;
			buildConfigurations = (
				DC085C3A1F8CCE87002658DD /* Debug */,
				DC085C3B1F8CCE87002658DD /* Release */,
			);
			defaultConfigurationIsVisible = 0;
		};
		DC085C3C1F8CCE87002658DD /* Build configuration list for PBXNativeTarget "StopwatchiOSTests" */ = {
			isa = XCConfigurationList;
			buildConfigurations = (
				DC085C3D1F8CCE87002658DD /* Debug */,
				DC085C3E1F8CCE87002658DD /* Release */,
			);
			defaultConfigurationIsVisible = 0;
		};
		DC085C3F1F8CCE87002658DD /* Build configuration list for PBXNativeTarget "StopwatchiOSUITests" */ = {
			isa = XCConfigurationList;
			buildConfigurations = (
				DC085C401F8CCE87002658DD /* Debug */,
				DC085C411F8CCE87002658DD /* Release */,
			);
			defaultConfigurationIsVisible = 0;
		};
/* End XCConfigurationList section */
	};
	rootObject = DC085C091F8CCE86002658DD /* Project object */;
}
